<Solution>
  <Folder Name="/src/console-client/">
    <Project Path="src/console-client/Atm.Client.Domain/Atm.Client.Domain.csproj" />
    <Project Path="src/console-client/Atm.Client.Application/Atm.Client.Application.csproj" />
    <Project Path="src/console-client/Atm.Client.Infrastructure/Atm.Client.Infrastructure.csproj" />
    <Project Path="src/console-client/Atm.Client.Console/Atm.Client.Console.csproj" />
  </Folder>
  <Folder Name="/src/service/">
    <Project Path="src/service/Atm.Domain/Atm.Domain.csproj" />
    <Project Path="src/service/Atm.Application/Atm.Application.csproj" />
    <Project Path="src/service/Atm.Infrastructure/Atm.Infrastructure.csproj" />
    <Project Path="src/service/Atm.WebApi/Atm.WebApi.csproj" />
  </Folder>
  <Folder Name="/tests/">
    <Project Path="src/service/Atm.Tests/Atm.Tests.csproj" />
  </Folder>
</Solution>