<Solution>
  <Folder Name="/apphost/">
    <Project Path="src/apphost/Atm.AppHost/Atm.AppHost.csproj" />
  </Folder>
  <Folder Name="/common/">
    <Project Path="src/common/Atm.ServiceDefaults/Atm.ServiceDefaults.csproj" />
  </Folder>
  <Folder Name="/src/service/">
    <Project Path="src/service/Atm.Domain/Atm.Domain.csproj" />
    <Project Path="src/service/Atm.Application/Atm.Application.csproj" />
    <Project Path="src/service/Atm.Infrastructure/Atm.Infrastructure.csproj" />
    <Project Path="src/service/Atm.Grpc/Atm.Grpc.csproj" />
    <Project Path="src/service/Atm.Gateway/Atm.Gateway.csproj" />
  </Folder>
  <Folder Name="/tests/">
    <Project Path="src/service/Atm.Tests/Atm.Tests.csproj" />
  </Folder>
</Solution>